
Microsoft Visual Studio Solution File, Format Version 12.00
Project("{2150E333-8FDC-42A3-9474-1A3956D46DE8}") = "src", "src", "{06972BDF-0A89-4578-810F-2DCC05AC44F5}"
EndProject
Project("{FAE04EC0-301F-11D3-BF4B-00C04F79EFBC}") = "InLibra.WebApi", "src\InLibra.WebApi\InLibra.WebApi.csproj", "{E6FB9061-7DC5-48FE-8558-5C54D054F8F5}"
EndProject
Global
	GlobalSection(SolutionConfigurationPlatforms) = preSolution
		Debug|Any CPU = Debug|Any CPU
		Release|Any CPU = Release|Any CPU
	EndGlobalSection
	GlobalSection(ProjectConfigurationPlatforms) = postSolution
		{E6FB9061-7DC5-48FE-8558-5C54D054F8F5}.Debug|Any CPU.ActiveCfg = Debug|Any CPU
		{E6FB9061-7DC5-48FE-8558-5C54D054F8F5}.Debug|Any CPU.Build.0 = Debug|Any CPU
		{E6FB9061-7DC5-48FE-8558-5C54D054F8F5}.Release|Any CPU.ActiveCfg = Release|Any CPU
		{E6FB9061-7DC5-48FE-8558-5C54D054F8F5}.Release|Any CPU.Build.0 = Release|Any CPU
	EndGlobalSection
	GlobalSection(NestedProjects) = preSolution
		{E6FB9061-7DC5-48FE-8558-5C54D054F8F5} = {06972BDF-0A89-4578-810F-2DCC05AC44F5}
	EndGlobalSection
EndGlobal
